{
  "originHash" : "2e6f1b0e9206478dbf0dd12a35f74562cb1e0efa60df66f116594f050d84c0dd",
  "pins" : [
    {
      "identity" : "llama.swift",
      "kind" : "remoteSourceControl",
      "location" : "https://github.com/mattt/llama.swift",
      "state" : {
        "revision" : "7e2547796582421d7841dee845b4818bfdd06ced",
        "version" : "2.8212.0"
      }
    }
  ],
  "version" : 3
}
